{
	"name": "coffeescript-support",
	"version": "0.0.1",
	"lockfileVersion": 1,
	"requires": true,
	"dependencies": {
		"@types/mocha": {
			"version": "2.2.43",
			"resolved": "https://registry.npmjs.org/@types/mocha/-/mocha-2.2.43.tgz",
			"integrity": "sha512-xNlAmH+lRJdUMXClMTI9Y0pRqIojdxfm7DHsIxoB2iTzu3fnPmSMEN8SsSx0cdwV36d02PWCWaDUoZPDSln+xw==",
			"dev": true
		},
		"@types/node": {
			"version": "6.0.89",
			"resolved": "https://registry.npmjs.org/@types/node/-/node-6.0.89.tgz",
			"integrity": "sha512-Z/67L97+6H1qJiEEHSN1SQapkWjDss1D90rAnFcQ6UxKkah9juzotK5UNEP1bDv/0lJ3NAQTnVfc/JWdgCGruA==",
			"dev": true
		},
		"coffeescript": {
			"version": "2.0.1",
			"resolved": "https://registry.npmjs.org/coffeescript/-/coffeescript-2.0.1.tgz",
			"integrity": "sha512-mrgXUOwRocrvSRwIi/2tAesQOJz2KxSyMNMlLSVhnJk/eZHKinYSJGcgUYZkzmSQZtpb3UhGJeZv0AAUeh7yyQ=="
		},
		"typescript": {
			"version": "2.5.3",
			"resolved": "https://registry.npmjs.org/typescript/-/typescript-2.5.3.tgz",
			"integrity": "sha512-ptLSQs2S4QuS6/OD1eAKG+S5G8QQtrU5RT32JULdZQtM1L3WTi34Wsu48Yndzi8xsObRAB9RPt/KhA9wlpEF6w==",
			"dev": true
		}
	}
}
